
Microsoft Visual Studio Solution File, Format Version 12.00
# Visual Studio 15
VisualStudioVersion = 15.0.28307.1738
MinimumVisualStudioVersion = 10.0.40219.1
Project("{FAE04EC0-301F-11D3-BF4B-00C04F79EFBC}") = "steampoctest", "steampoctest\steampoctest.csproj", "{BE8AEEB7-19E7-42A9-AF55-7195F99EF9F6}"
EndProject
Global
	GlobalSection(SolutionConfigurationPlatforms) = preSolution
		Debug|Any CPU = Debug|Any CPU
		Release|Any CPU = Release|Any CPU
	EndGlobalSection
	GlobalSection(ProjectConfigurationPlatforms) = postSolution
		{BE8AEEB7-19E7-42A9-AF55-7195F99EF9F6}.Debug|Any CPU.ActiveCfg = Debug|Any CPU
		{BE8AEEB7-19E7-42A9-AF55-7195F99EF9F6}.Debug|Any CPU.Build.0 = Debug|Any CPU
		{BE8AEEB7-19E7-42A9-AF55-7195F99EF9F6}.Release|Any CPU.ActiveCfg = Release|Any CPU
		{BE8AEEB7-19E7-42A9-AF55-7195F99EF9F6}.Release|Any CPU.Build.0 = Release|Any CPU
	EndGlobalSection
	GlobalSection(SolutionProperties) = preSolution
		HideSolutionNode = FALSE
	EndGlobalSection
	GlobalSection(ExtensibilityGlobals) = postSolution
		SolutionGuid = {56A838EF-C266-495D-8B47-74D8FEAF44C4}
	EndGlobalSection
EndGlobal
